// !$*UTF8*$!
{
	archiveVersion = 1;
	classes = {
	};
	objectVersion = 46;
	objects = {

/* Begin PBXBuildFile section */
		8509F1C617F55CBF0008FB45 /* Foundation.framework in Frameworks */ = {isa = PBXBuildFile; fileRef = 8509F1C517F55CBF0008FB45 /* Foundation.framework */; };
		8509F1C817F55CBF0008FB45 /* CoreFoundation.framework in Frameworks */ = {isa = PBXBuildFile; fileRef = 8509F1C717F55CBF0008FB45 /* CoreFoundation.framework */; };
		8509F1CA17F55CBF0008FB45 /* UIKit.framework in Frameworks */ = {isa = PBXBuildFile; fileRef = 8509F1C917F55CBF0008FB45 /* UIKit.framework */; };
		8509F1CC17F55CBF0008FB45 /* MobileCoreServices.framework in Frameworks */ = {isa = PBXBuildFile; fileRef = 8509F1CB17F55CBF0008FB45 /* MobileCoreServices.framework */; };
		8509F1CE17F55CBF0008FB45 /* CoreGraphics.framework in Frameworks */ = {isa = PBXBuildFile; fileRef = 8509F1CD17F55CBF0008FB45 /* CoreGraphics.framework */; };
		8509F1D017F55CBF0008FB45 /* SystemConfiguration.framework in Frameworks */ = {isa = PBXBuildFile; fileRef = 8509F1CF17F55CBF0008FB45 /* SystemConfiguration.framework */; };
		8509F1D217F55CBF0008FB45 /* AudioToolbox.framework in Frameworks */ = {isa = PBXBuildFile; fileRef = 8509F1D117F55CBF0008FB45 /* AudioToolbox.framework */; };
		8509F1D417F55CBF0008FB45 /* CFNetwork.framework in Frameworks */ = {isa = PBXBuildFile; fileRef = 8509F1D317F55CBF0008FB45 /* CFNetwork.framework */; };
		8509F1D617F55CBF0008FB45 /* QuartzCore.framework in Frameworks */ = {isa = PBXBuildFile; fileRef = 8509F1D517F55CBF0008FB45 /* QuartzCore.framework */; };
		8509F1D817F55CBF0008FB45 /* OpenGLES.framework in Frameworks */ = {isa = PBXBuildFile; fileRef = 8509F1D717F55CBF0008FB45 /* OpenGLES.framework */; };
		8509F1DA17F55CBF0008FB45 /* CoreLocation.framework in Frameworks */ = {isa = PBXBuildFile; fileRef = 8509F1D917F55CBF0008FB45 /* CoreLocation.framework */; };
		8509F1DC17F55CBF0008FB45 /* CoreMedia.framework in Frameworks */ = {isa = PBXBuildFile; fileRef = 8509F1DB17F55CBF0008FB45 /* CoreMedia.framework */; };
		8509F1DE17F55CBF0008FB45 /* CoreVideo.framework in Frameworks */ = {isa = PBXBuildFile; fileRef = 8509F1DD17F55CBF0008FB45 /* CoreVideo.framework */; };
		8509F1E017F55CBF0008FB45 /* AVFoundation.framework in Frameworks */ = {isa = PBXBuildFile; fileRef = 8509F1DF17F55CBF0008FB45 /* AVFoundation.framework */; };
		8509F1E217F55CBF0008FB45 /* Security.framework in Frameworks */ = {isa = PBXBuildFile; fileRef = 8509F1E117F55CBF0008FB45 /* Security.framework */; };
		8509F1F217F55CBF0008FB45 /* AlipayANE.m in Sources */ = {isa = PBXBuildFile; fileRef = 8509F1F117F55CBF0008FB45 /* AlipayANE.m */; };
		8509F21F17F55D660008FB45 /* AlipayRsaLib.a in Frameworks */ = {isa = PBXBuildFile; fileRef = 8509F20317F55D660008FB45 /* AlipayRsaLib.a */; };
		8509F22017F55D660008FB45 /* AlixLibService.h in Headers */ = {isa = PBXBuildFile; fileRef = 8509F20417F55D660008FB45 /* AlixLibService.h */; };
		8509F22317F55D660008FB45 /* AlixPayOrder.h in Headers */ = {isa = PBXBuildFile; fileRef = 8509F20817F55D660008FB45 /* AlixPayOrder.h */; };
		8509F22417F55D660008FB45 /* AlixPayOrder.m in Sources */ = {isa = PBXBuildFile; fileRef = 8509F20917F55D660008FB45 /* AlixPayOrder.m */; };
		8509F22517F55D660008FB45 /* AlixPayResult.h in Headers */ = {isa = PBXBuildFile; fileRef = 8509F20A17F55D660008FB45 /* AlixPayResult.h */; };
		8509F22617F55D660008FB45 /* AlixPayResult.m in Sources */ = {isa = PBXBuildFile; fileRef = 8509F20B17F55D660008FB45 /* AlixPayResult.m */; };
		8509F22717F55D660008FB45 /* JSON.h in Headers */ = {isa = PBXBuildFile; fileRef = 8509F20D17F55D660008FB45 /* JSON.h */; };
		8509F22817F55D660008FB45 /* NSObject+SBJSON.h in Headers */ = {isa = PBXBuildFile; fileRef = 8509F20E17F55D660008FB45 /* NSObject+SBJSON.h */; };
		8509F22917F55D660008FB45 /* NSObject+SBJSON.m in Sources */ = {isa = PBXBuildFile; fileRef = 8509F20F17F55D660008FB45 /* NSObject+SBJSON.m */; };
		8509F22A17F55D660008FB45 /* NSString+SBJSON.h in Headers */ = {isa = PBXBuildFile; fileRef = 8509F21017F55D660008FB45 /* NSString+SBJSON.h */; };
		8509F22B17F55D660008FB45 /* NSString+SBJSON.m in Sources */ = {isa = PBXBuildFile; fileRef = 8509F21117F55D660008FB45 /* NSString+SBJSON.m */; };
		8509F22C17F55D660008FB45 /* SBJSON.h in Headers */ = {isa = PBXBuildFile; fileRef = 8509F21217F55D660008FB45 /* SBJSON.h */; };
		8509F22D17F55D660008FB45 /* SBJSON.m in Sources */ = {isa = PBXBuildFile; fileRef = 8509F21317F55D660008FB45 /* SBJSON.m */; };
		8509F22E17F55D660008FB45 /* SBJsonBase.h in Headers */ = {isa = PBXBuildFile; fileRef = 8509F21417F55D660008FB45 /* SBJsonBase.h */; };
		8509F22F17F55D660008FB45 /* SBJsonBase.m in Sources */ = {isa = PBXBuildFile; fileRef = 8509F21517F55D660008FB45 /* SBJsonBase.m */; };
		8509F23017F55D660008FB45 /* SBJsonParser.h in Headers */ = {isa = PBXBuildFile; fileRef = 8509F21617F55D660008FB45 /* SBJsonParser.h */; };
		8509F23117F55D660008FB45 /* SBJsonParser.m in Sources */ = {isa = PBXBuildFile; fileRef = 8509F21717F55D660008FB45 /* SBJsonParser.m */; };
		8509F23217F55D660008FB45 /* SBJsonWriter.h in Headers */ = {isa = PBXBuildFile; fileRef = 8509F21817F55D660008FB45 /* SBJsonWriter.h */; };
		8509F23317F55D660008FB45 /* SBJsonWriter.m in Sources */ = {isa = PBXBuildFile; fileRef = 8509F21917F55D660008FB45 /* SBJsonWriter.m */; };
		8509F23417F55D660008FB45 /* libcrypto.a in Frameworks */ = {isa = PBXBuildFile; fileRef = 8509F21A17F55D660008FB45 /* libcrypto.a */; };
		8509F23517F55D660008FB45 /* libssl.a in Frameworks */ = {isa = PBXBuildFile; fileRef = 8509F21B17F55D660008FB45 /* libssl.a */; };
		8509F23617F55D660008FB45 /* DataSigner.h in Headers */ = {isa = PBXBuildFile; fileRef = 8509F21D17F55D660008FB45 /* DataSigner.h */; };
		8509F23717F55D660008FB45 /* DataVerifier.h in Headers */ = {isa = PBXBuildFile; fileRef = 8509F21E17F55D660008FB45 /* DataVerifier.h */; };
		8509F23917F5644C0008FB45 /* FlashRuntimeExtensions.h in Headers */ = {isa = PBXBuildFile; fileRef = 8509F23817F5644C0008FB45 /* FlashRuntimeExtensions.h */; };
		8515A7EB17F6C2A50046ED53 /* AlipayDel.h in Headers */ = {isa = PBXBuildFile; fileRef = 8515A7E917F6C2A50046ED53 /* AlipayDel.h */; };
		8515A7EC17F6C2A50046ED53 /* AlipayDel.m in Sources */ = {isa = PBXBuildFile; fileRef = 8515A7EA17F6C2A50046ED53 /* AlipayDel.m */; };
		8515A7ED17F6DB590046ED53 /* AlixPaylib.a in Frameworks */ = {isa = PBXBuildFile; fileRef = 8509F20617F55D660008FB45 /* AlixPaylib.a */; };
/* End PBXBuildFile section */

/* Begin PBXContainerItemProxy section */
		8509F1E917F55CBF0008FB45 /* PBXContainerItemProxy */ = {
			isa = PBXContainerItemProxy;
			containerPortal = 8509F1BA17F55CBF0008FB45 /* Project object */;
			proxyType = 1;
			remoteGlobalIDString = 8509F1C117F55CBF0008FB45;
			remoteInfo = AlipayANE;
		};
		8509F1EB17F55CBF0008FB45 /* PBXContainerItemProxy */ = {
			isa = PBXContainerItemProxy;
			containerPortal = 8509F1BA17F55CBF0008FB45 /* Project object */;
			proxyType = 1;
			remoteGlobalIDString = 8509F1E417F55CBF0008FB45;
			remoteInfo = AlipayANE.ane;
		};
/* End PBXContainerItemProxy section */

/* Begin PBXFileReference section */
		8509F1C217F55CBF0008FB45 /* libAlipayANE.a */ = {isa = PBXFileReference; explicitFileType = archive.ar; includeInIndex = 0; path = libAlipayANE.a; sourceTree = BUILT_PRODUCTS_DIR; };
		8509F1C517F55CBF0008FB45 /* Foundation.framework */ = {isa = PBXFileReference; lastKnownFileType = wrapper.framework; name = Foundation.framework; path = System/Library/Frameworks/Foundation.framework; sourceTree = SDKROOT; };
		8509F1C717F55CBF0008FB45 /* CoreFoundation.framework */ = {isa = PBXFileReference; lastKnownFileType = wrapper.framework; name = CoreFoundation.framework; path = System/Library/Frameworks/CoreFoundation.framework; sourceTree = SDKROOT; };
		8509F1C917F55CBF0008FB45 /* UIKit.framework */ = {isa = PBXFileReference; lastKnownFileType = wrapper.framework; name = UIKit.framework; path = System/Library/Frameworks/UIKit.framework; sourceTree = SDKROOT; };
		8509F1CB17F55CBF0008FB45 /* MobileCoreServices.framework */ = {isa = PBXFileReference; lastKnownFileType = wrapper.framework; name = MobileCoreServices.framework; path = System/Library/Frameworks/MobileCoreServices.framework; sourceTree = SDKROOT; };
		8509F1CD17F55CBF0008FB45 /* CoreGraphics.framework */ = {isa = PBXFileReference; lastKnownFileType = wrapper.framework; name = CoreGraphics.framework; path = System/Library/Frameworks/CoreGraphics.framework; sourceTree = SDKROOT; };
		8509F1CF17F55CBF0008FB45 /* SystemConfiguration.framework */ = {isa = PBXFileReference; lastKnownFileType = wrapper.framework; name = SystemConfiguration.framework; path = System/Library/Frameworks/SystemConfiguration.framework; sourceTree = SDKROOT; };
		8509F1D117F55CBF0008FB45 /* AudioToolbox.framework */ = {isa = PBXFileReference; lastKnownFileType = wrapper.framework; name = AudioToolbox.framework; path = System/Library/Frameworks/AudioToolbox.framework; sourceTree = SDKROOT; };
		8509F1D317F55CBF0008FB45 /* CFNetwork.framework */ = {isa = PBXFileReference; lastKnownFileType = wrapper.framework; name = CFNetwork.framework; path = System/Library/Frameworks/CFNetwork.framework; sourceTree = SDKROOT; };
		8509F1D517F55CBF0008FB45 /* QuartzCore.framework */ = {isa = PBXFileReference; lastKnownFileType = wrapper.framework; name = QuartzCore.framework; path = System/Library/Frameworks/QuartzCore.framework; sourceTree = SDKROOT; };
		8509F1D717F55CBF0008FB45 /* OpenGLES.framework */ = {isa = PBXFileReference; lastKnownFileType = wrapper.framework; name = OpenGLES.framework; path = System/Library/Frameworks/OpenGLES.framework; sourceTree = SDKROOT; };
		8509F1D917F55CBF0008FB45 /* CoreLocation.framework */ = {isa = PBXFileReference; lastKnownFileType = wrapper.framework; name = CoreLocation.framework; path = System/Library/Frameworks/CoreLocation.framework; sourceTree = SDKROOT; };
		8509F1DB17F55CBF0008FB45 /* CoreMedia.framework */ = {isa = PBXFileReference; lastKnownFileType = wrapper.framework; name = CoreMedia.framework; path = System/Library/Frameworks/CoreMedia.framework; sourceTree = SDKROOT; };
		8509F1DD17F55CBF0008FB45 /* CoreVideo.framework */ = {isa = PBXFileReference; lastKnownFileType = wrapper.framework; name = CoreVideo.framework; path = System/Library/Frameworks/CoreVideo.framework; sourceTree = SDKROOT; };
		8509F1DF17F55CBF0008FB45 /* AVFoundation.framework */ = {isa = PBXFileReference; lastKnownFileType = wrapper.framework; name = AVFoundation.framework; path = System/Library/Frameworks/AVFoundation.framework; sourceTree = SDKROOT; };
		8509F1E117F55CBF0008FB45 /* Security.framework */ = {isa = PBXFileReference; lastKnownFileType = wrapper.framework; name = Security.framework; path = System/Library/Frameworks/Security.framework; sourceTree = SDKROOT; };
		8509F1E517F55CBF0008FB45 /* AlipayANE.ane */ = {isa = PBXFileReference; explicitFileType = archive.ar; includeInIndex = 0; path = AlipayANE.ane; sourceTree = BUILT_PRODUCTS_DIR; };
		8509F1E817F55CBF0008FB45 /* DebugAlipayANEAIRApp.app */ = {isa = PBXFileReference; explicitFileType = wrapper.application; includeInIndex = 0; path = DebugAlipayANEAIRApp.app; sourceTree = BUILT_PRODUCTS_DIR; };
		8509F1EF17F55CBF0008FB45 /* AlipayANE-Prefix.pch */ = {isa = PBXFileReference; lastKnownFileType = sourcecode.c.h; path = "AlipayANE-Prefix.pch"; sourceTree = "<group>"; };
		8509F1F017F55CBF0008FB45 /* AlipayANE.h */ = {isa = PBXFileReference; lastKnownFileType = sourcecode.c.h; path = AlipayANE.h; sourceTree = "<group>"; };
		8509F1F117F55CBF0008FB45 /* AlipayANE.m */ = {isa = PBXFileReference; lastKnownFileType = sourcecode.c.objc; path = AlipayANE.m; sourceTree = "<group>"; };
		8509F1F317F55CBF0008FB45 /* extension.xml */ = {isa = PBXFileReference; lastKnownFileType = text.xml; path = extension.xml; sourceTree = "<group>"; };
		8509F1F417F55CBF0008FB45 /* platformoptions.xml */ = {isa = PBXFileReference; lastKnownFileType = text.xml; path = platformoptions.xml; sourceTree = "<group>"; };
		8509F1F517F55CBF0008FB45 /* generateANE.sh */ = {isa = PBXFileReference; lastKnownFileType = text.script.sh; path = generateANE.sh; sourceTree = "<group>"; };
		8509F1F617F55CBF0008FB45 /* debugIPA.sh */ = {isa = PBXFileReference; lastKnownFileType = text.script.sh; path = debugIPA.sh; sourceTree = "<group>"; };
		8509F20317F55D660008FB45 /* AlipayRsaLib.a */ = {isa = PBXFileReference; lastKnownFileType = archive.ar; path = AlipayRsaLib.a; sourceTree = "<group>"; };
		8509F20417F55D660008FB45 /* AlixLibService.h */ = {isa = PBXFileReference; fileEncoding = 4; lastKnownFileType = sourcecode.c.h; path = AlixLibService.h; sourceTree = "<group>"; };
		8509F20517F55D660008FB45 /* Alixpay.bundle */ = {isa = PBXFileReference; lastKnownFileType = "wrapper.plug-in"; path = Alixpay.bundle; sourceTree = "<group>"; };
		8509F20617F55D660008FB45 /* AlixPaylib.a */ = {isa = PBXFileReference; lastKnownFileType = archive.ar; path = AlixPaylib.a; sourceTree = "<group>"; };
		8509F20817F55D660008FB45 /* AlixPayOrder.h */ = {isa = PBXFileReference; fileEncoding = 4; lastKnownFileType = sourcecode.c.h; path = AlixPayOrder.h; sourceTree = "<group>"; };
		8509F20917F55D660008FB45 /* AlixPayOrder.m */ = {isa = PBXFileReference; fileEncoding = 4; lastKnownFileType = sourcecode.c.objc; path = AlixPayOrder.m; sourceTree = "<group>"; };
		8509F20A17F55D660008FB45 /* AlixPayResult.h */ = {isa = PBXFileReference; fileEncoding = 4; lastKnownFileType = sourcecode.c.h; path = AlixPayResult.h; sourceTree = "<group>"; };
		8509F20B17F55D660008FB45 /* AlixPayResult.m */ = {isa = PBXFileReference; fileEncoding = 4; lastKnownFileType = sourcecode.c.objc; path = AlixPayResult.m; sourceTree = "<group>"; };
		8509F20D17F55D660008FB45 /* JSON.h */ = {isa = PBXFileReference; fileEncoding = 4; lastKnownFileType = sourcecode.c.h; path = JSON.h; sourceTree = "<group>"; };
		8509F20E17F55D660008FB45 /* NSObject+SBJSON.h */ = {isa = PBXFileReference; fileEncoding = 4; lastKnownFileType = sourcecode.c.h; path = "NSObject+SBJSON.h"; sourceTree = "<group>"; };
		8509F20F17F55D660008FB45 /* NSObject+SBJSON.m */ = {isa = PBXFileReference; fileEncoding = 4; lastKnownFileType = sourcecode.c.objc; path = "NSObject+SBJSON.m"; sourceTree = "<group>"; };
		8509F21017F55D660008FB45 /* NSString+SBJSON.h */ = {isa = PBXFileReference; fileEncoding = 4; lastKnownFileType = sourcecode.c.h; path = "NSString+SBJSON.h"; sourceTree = "<group>"; };
		8509F21117F55D660008FB45 /* NSString+SBJSON.m */ = {isa = PBXFileReference; fileEncoding = 4; lastKnownFileType = sourcecode.c.objc; path = "NSString+SBJSON.m"; sourceTree = "<group>"; };
		8509F21217F55D660008FB45 /* SBJSON.h */ = {isa = PBXFileReference; fileEncoding = 4; lastKnownFileType = sourcecode.c.h; path = SBJSON.h; sourceTree = "<group>"; };
		8509F21317F55D660008FB45 /* SBJSON.m */ = {isa = PBXFileReference; fileEncoding = 4; lastKnownFileType = sourcecode.c.objc; path = SBJSON.m; sourceTree = "<group>"; };
		8509F21417F55D660008FB45 /* SBJsonBase.h */ = {isa = PBXFileReference; fileEncoding = 4; lastKnownFileType = sourcecode.c.h; path = SBJsonBase.h; sourceTree = "<group>"; };
		8509F21517F55D660008FB45 /* SBJsonBase.m */ = {isa = PBXFileReference; fileEncoding = 4; lastKnownFileType = sourcecode.c.objc; path = SBJsonBase.m; sourceTree = "<group>"; };
		8509F21617F55D660008FB45 /* SBJsonParser.h */ = {isa = PBXFileReference; fileEncoding = 4; lastKnownFileType = sourcecode.c.h; path = SBJsonParser.h; sourceTree = "<group>"; };
		8509F21717F55D660008FB45 /* SBJsonParser.m */ = {isa = PBXFileReference; fileEncoding = 4; lastKnownFileType = sourcecode.c.objc; path = SBJsonParser.m; sourceTree = "<group>"; };
		8509F21817F55D660008FB45 /* SBJsonWriter.h */ = {isa = PBXFileReference; fileEncoding = 4; lastKnownFileType = sourcecode.c.h; path = SBJsonWriter.h; sourceTree = "<group>"; };
		8509F21917F55D660008FB45 /* SBJsonWriter.m */ = {isa = PBXFileReference; fileEncoding = 4; lastKnownFileType = sourcecode.c.objc; path = SBJsonWriter.m; sourceTree = "<group>"; };
		8509F21A17F55D660008FB45 /* libcrypto.a */ = {isa = PBXFileReference; lastKnownFileType = archive.ar; path = libcrypto.a; sourceTree = "<group>"; };
		8509F21B17F55D660008FB45 /* libssl.a */ = {isa = PBXFileReference; lastKnownFileType = archive.ar; path = libssl.a; sourceTree = "<group>"; };
		8509F21D17F55D660008FB45 /* DataSigner.h */ = {isa = PBXFileReference; fileEncoding = 4; lastKnownFileType = sourcecode.c.h; path = DataSigner.h; sourceTree = "<group>"; };
		8509F21E17F55D660008FB45 /* DataVerifier.h */ = {isa = PBXFileReference; fileEncoding = 4; lastKnownFileType = sourcecode.c.h; path = DataVerifier.h; sourceTree = "<group>"; };
		8509F23817F5644C0008FB45 /* FlashRuntimeExtensions.h */ = {isa = PBXFileReference; fileEncoding = 4; lastKnownFileType = sourcecode.c.h; path = FlashRuntimeExtensions.h; sourceTree = "<group>"; };
		8515A7E917F6C2A50046ED53 /* AlipayDel.h */ = {isa = PBXFileReference; fileEncoding = 4; lastKnownFileType = sourcecode.c.h; path = AlipayDel.h; sourceTree = "<group>"; };
		8515A7EA17F6C2A50046ED53 /* AlipayDel.m */ = {isa = PBXFileReference; fileEncoding = 4; lastKnownFileType = sourcecode.c.objc; path = AlipayDel.m; sourceTree = "<group>"; };
/* End PBXFileReference section */

/* Begin PBXFrameworksBuildPhase section */
		8509F1BF17F55CBF0008FB45 /* Frameworks */ = {
			isa = PBXFrameworksBuildPhase;
			buildActionMask = 2147483647;
			files = (
				8515A7ED17F6DB590046ED53 /* AlixPaylib.a in Frameworks */,
				8509F23517F55D660008FB45 /* libssl.a in Frameworks */,
				8509F1DC17F55CBF0008FB45 /* CoreMedia.framework in Frameworks */,
				8509F1E217F55CBF0008FB45 /* Security.framework in Frameworks */,
				8509F1C817F55CBF0008FB45 /* CoreFoundation.framework in Frameworks */,
				8509F1DA17F55CBF0008FB45 /* CoreLocation.framework in Frameworks */,
				8509F1CC17F55CBF0008FB45 /* MobileCoreServices.framework in Frameworks */,
				8509F1DE17F55CBF0008FB45 /* CoreVideo.framework in Frameworks */,
				8509F1D417F55CBF0008FB45 /* CFNetwork.framework in Frameworks */,
				8509F1CA17F55CBF0008FB45 /* UIKit.framework in Frameworks */,
				8509F1CE17F55CBF0008FB45 /* CoreGraphics.framework in Frameworks */,
				8509F1D817F55CBF0008FB45 /* OpenGLES.framework in Frameworks */,
				8509F23417F55D660008FB45 /* libcrypto.a in Frameworks */,
				8509F21F17F55D660008FB45 /* AlipayRsaLib.a in Frameworks */,
				8509F1D217F55CBF0008FB45 /* AudioToolbox.framework in Frameworks */,
				8509F1D017F55CBF0008FB45 /* SystemConfiguration.framework in Frameworks */,
				8509F1C617F55CBF0008FB45 /* Foundation.framework in Frameworks */,
				8509F1E017F55CBF0008FB45 /* AVFoundation.framework in Frameworks */,
				8509F1D617F55CBF0008FB45 /* QuartzCore.framework in Frameworks */,
			);
			runOnlyForDeploymentPostprocessing = 0;
		};
/* End PBXFrameworksBuildPhase section */

/* Begin PBXGroup section */
		8509F1B917F55CBF0008FB45 = {
			isa = PBXGroup;
			children = (
				8509F1ED17F55CBF0008FB45 /* AlipayANE */,
				8509F1C417F55CBF0008FB45 /* Frameworks */,
				8509F1C317F55CBF0008FB45 /* Products */,
			);
			sourceTree = "<group>";
		};
		8509F1C317F55CBF0008FB45 /* Products */ = {
			isa = PBXGroup;
			children = (
				8509F1C217F55CBF0008FB45 /* libAlipayANE.a */,
				8509F1E517F55CBF0008FB45 /* AlipayANE.ane */,
				8509F1E817F55CBF0008FB45 /* DebugAlipayANEAIRApp.app */,
			);
			name = Products;
			sourceTree = "<group>";
		};
		8509F1C417F55CBF0008FB45 /* Frameworks */ = {
			isa = PBXGroup;
			children = (
				8509F1C517F55CBF0008FB45 /* Foundation.framework */,
				8509F1C717F55CBF0008FB45 /* CoreFoundation.framework */,
				8509F1C917F55CBF0008FB45 /* UIKit.framework */,
				8509F1CB17F55CBF0008FB45 /* MobileCoreServices.framework */,
				8509F1CD17F55CBF0008FB45 /* CoreGraphics.framework */,
				8509F1CF17F55CBF0008FB45 /* SystemConfiguration.framework */,
				8509F1D117F55CBF0008FB45 /* AudioToolbox.framework */,
				8509F1D317F55CBF0008FB45 /* CFNetwork.framework */,
				8509F1D517F55CBF0008FB45 /* QuartzCore.framework */,
				8509F1D717F55CBF0008FB45 /* OpenGLES.framework */,
				8509F1D917F55CBF0008FB45 /* CoreLocation.framework */,
				8509F1DB17F55CBF0008FB45 /* CoreMedia.framework */,
				8509F1DD17F55CBF0008FB45 /* CoreVideo.framework */,
				8509F1DF17F55CBF0008FB45 /* AVFoundation.framework */,
				8509F1E117F55CBF0008FB45 /* Security.framework */,
			);
			name = Frameworks;
			sourceTree = "<group>";
		};
		8509F1ED17F55CBF0008FB45 /* AlipayANE */ = {
			isa = PBXGroup;
			children = (
				8509F23817F5644C0008FB45 /* FlashRuntimeExtensions.h */,
				8509F20217F55D660008FB45 /* alipay */,
				8509F1F017F55CBF0008FB45 /* AlipayANE.h */,
				8509F1F117F55CBF0008FB45 /* AlipayANE.m */,
				8515A7E917F6C2A50046ED53 /* AlipayDel.h */,
				8515A7EA17F6C2A50046ED53 /* AlipayDel.m */,
				8509F1EE17F55CBF0008FB45 /* Supporting Files */,
			);
			path = AlipayANE;
			sourceTree = "<group>";
		};
		8509F1EE17F55CBF0008FB45 /* Supporting Files */ = {
			isa = PBXGroup;
			children = (
				8509F1EF17F55CBF0008FB45 /* AlipayANE-Prefix.pch */,
				8509F1F317F55CBF0008FB45 /* extension.xml */,
				8509F1F417F55CBF0008FB45 /* platformoptions.xml */,
				8509F1F517F55CBF0008FB45 /* generateANE.sh */,
				8509F1F617F55CBF0008FB45 /* debugIPA.sh */,
			);
			name = "Supporting Files";
			sourceTree = "<group>";
		};
		8509F20217F55D660008FB45 /* alipay */ = {
			isa = PBXGroup;
			children = (
				8509F20317F55D660008FB45 /* AlipayRsaLib.a */,
				8509F20417F55D660008FB45 /* AlixLibService.h */,
				8509F20517F55D660008FB45 /* Alixpay.bundle */,
				8509F20617F55D660008FB45 /* AlixPaylib.a */,
				8509F20817F55D660008FB45 /* AlixPayOrder.h */,
				8509F20917F55D660008FB45 /* AlixPayOrder.m */,
				8509F20A17F55D660008FB45 /* AlixPayResult.h */,
				8509F20B17F55D660008FB45 /* AlixPayResult.m */,
				8509F20C17F55D660008FB45 /* json */,
				8509F21A17F55D660008FB45 /* libcrypto.a */,
				8509F21B17F55D660008FB45 /* libssl.a */,
				8509F21C17F55D660008FB45 /* RSA */,
			);
			path = alipay;
			sourceTree = SOURCE_ROOT;
		};
		8509F20C17F55D660008FB45 /* json */ = {
			isa = PBXGroup;
			children = (
				8509F20D17F55D660008FB45 /* JSON.h */,
				8509F20E17F55D660008FB45 /* NSObject+SBJSON.h */,
				8509F20F17F55D660008FB45 /* NSObject+SBJSON.m */,
				8509F21017F55D660008FB45 /* NSString+SBJSON.h */,
				8509F21117F55D660008FB45 /* NSString+SBJSON.m */,
				8509F21217F55D660008FB45 /* SBJSON.h */,
				8509F21317F55D660008FB45 /* SBJSON.m */,
				8509F21417F55D660008FB45 /* SBJsonBase.h */,
				8509F21517F55D660008FB45 /* SBJsonBase.m */,
				8509F21617F55D660008FB45 /* SBJsonParser.h */,
				8509F21717F55D660008FB45 /* SBJsonParser.m */,
				8509F21817F55D660008FB45 /* SBJsonWriter.h */,
				8509F21917F55D660008FB45 /* SBJsonWriter.m */,
			);
			path = json;
			sourceTree = "<group>";
		};
		8509F21C17F55D660008FB45 /* RSA */ = {
			isa = PBXGroup;
			children = (
				8509F21D17F55D660008FB45 /* DataSigner.h */,
				8509F21E17F55D660008FB45 /* DataVerifier.h */,
			);
			path = RSA;
			sourceTree = "<group>";
		};
/* End PBXGroup section */

/* Begin PBXHeadersBuildPhase section */
		8509F1C017F55CBF0008FB45 /* Headers */ = {
			isa = PBXHeadersBuildPhase;
			buildActionMask = 2147483647;
			files = (
				8509F22817F55D660008FB45 /* NSObject+SBJSON.h in Headers */,
				8509F23617F55D660008FB45 /* DataSigner.h in Headers */,
				8515A7EB17F6C2A50046ED53 /* AlipayDel.h in Headers */,
				8509F23917F5644C0008FB45 /* FlashRuntimeExtensions.h in Headers */,
				8509F23717F55D660008FB45 /* DataVerifier.h in Headers */,
				8509F22A17F55D660008FB45 /* NSString+SBJSON.h in Headers */,
				8509F22517F55D660008FB45 /* AlixPayResult.h in Headers */,
				8509F22317F55D660008FB45 /* AlixPayOrder.h in Headers */,
				8509F22E17F55D660008FB45 /* SBJsonBase.h in Headers */,
				8509F22717F55D660008FB45 /* JSON.h in Headers */,
				8509F23217F55D660008FB45 /* SBJsonWriter.h in Headers */,
				8509F22017F55D660008FB45 /* AlixLibService.h in Headers */,
				8509F22C17F55D660008FB45 /* SBJSON.h in Headers */,
				8509F23017F55D660008FB45 /* SBJsonParser.h in Headers */,
			);
			runOnlyForDeploymentPostprocessing = 0;
		};
/* End PBXHeadersBuildPhase section */

/* Begin PBXNativeTarget section */
		8509F1C117F55CBF0008FB45 /* AlipayANE */ = {
			isa = PBXNativeTarget;
			buildConfigurationList = 8509F1F917F55CBF0008FB45 /* Build configuration list for PBXNativeTarget "AlipayANE" */;
			buildPhases = (
				8509F1BE17F55CBF0008FB45 /* Sources */,
				8509F1BF17F55CBF0008FB45 /* Frameworks */,
				8509F1C017F55CBF0008FB45 /* Headers */,
			);
			buildRules = (
			);
			dependencies = (
			);
			name = AlipayANE;
			productName = AlipayANE;
			productReference = 8509F1C217F55CBF0008FB45 /* libAlipayANE.a */;
			productType = "com.apple.product-type.library.static";
		};
		8509F1E417F55CBF0008FB45 /* AlipayANE.ane */ = {
			isa = PBXNativeTarget;
			buildConfigurationList = 8509F1FC17F55CBF0008FB45 /* Build configuration list for PBXNativeTarget "AlipayANE.ane" */;
			buildPhases = (
				8509F1E317F55CBF0008FB45 /* ShellScript */,
			);
			buildRules = (
			);
			dependencies = (
				8509F1EA17F55CBF0008FB45 /* PBXTargetDependency */,
			);
			name = AlipayANE.ane;
			productName = AlipayANE.ane;
			productReference = 8509F1E517F55CBF0008FB45 /* AlipayANE.ane */;
			productType = "com.apple.product-type.library.static";
		};
		8509F1E717F55CBF0008FB45 /* DebugAlipayANEAIRApp */ = {
			isa = PBXNativeTarget;
			buildConfigurationList = 8509F1FF17F55CBF0008FB45 /* Build configuration list for PBXNativeTarget "DebugAlipayANEAIRApp" */;
			buildPhases = (
				8509F1E617F55CBF0008FB45 /* ShellScript */,
			);
			buildRules = (
			);
			dependencies = (
				8509F1EC17F55CBF0008FB45 /* PBXTargetDependency */,
			);
			name = DebugAlipayANEAIRApp;
			productName = DebugAlipayANEAIRApp;
			productReference = 8509F1E817F55CBF0008FB45 /* DebugAlipayANEAIRApp.app */;
			productType = "com.apple.product-type.application";
		};
/* End PBXNativeTarget section */

/* Begin PBXProject section */
		8509F1BA17F55CBF0008FB45 /* Project object */ = {
			isa = PBXProject;
			attributes = {
				LastUpgradeCheck = 0500;
			};
			buildConfigurationList = 8509F1BD17F55CBF0008FB45 /* Build configuration list for PBXProject "AlipayANE" */;
			compatibilityVersion = "Xcode 3.2";
			developmentRegion = English;
			hasScannedForEncodings = 0;
			knownRegions = (
				en,
			);
			mainGroup = 8509F1B917F55CBF0008FB45;
			productRefGroup = 8509F1C317F55CBF0008FB45 /* Products */;
			projectDirPath = "";
			projectRoot = "";
			targets = (
				8509F1C117F55CBF0008FB45 /* AlipayANE */,
				8509F1E417F55CBF0008FB45 /* AlipayANE.ane */,
				8509F1E717F55CBF0008FB45 /* DebugAlipayANEAIRApp */,
			);
		};
/* End PBXProject section */

/* Begin PBXShellScriptBuildPhase section */
		8509F1E317F55CBF0008FB45 /* ShellScript */ = {
			isa = PBXShellScriptBuildPhase;
			buildActionMask = 2147483647;
			files = (
			);
			inputPaths = (
			);
			outputPaths = (
			);
			runOnlyForDeploymentPostprocessing = 0;
			shellPath = /bin/bash;
			shellScript = "\n\t\t\t\t\t\t\t\tchmod 755 \"$PROJECT_DIR/$PROJECT_NAME/generateANE.sh\"\n\t\t\t\t\t\t\t\t\"$PROJECT_DIR/$PROJECT_NAME/generateANE.sh\"\n\t\t\t\t\t";
		};
		8509F1E617F55CBF0008FB45 /* ShellScript */ = {
			isa = PBXShellScriptBuildPhase;
			buildActionMask = 2147483647;
			files = (
			);
			inputPaths = (
			);
			outputPaths = (
			);
			runOnlyForDeploymentPostprocessing = 0;
			shellPath = /bin/bash;
			shellScript = "\n\t\t\t\t\t\t\t\tchmod 755 \"$PROJECT_DIR/$PROJECT_NAME/debugIPA.sh\"\n\t\t\t\t\t\t\t\t\"$PROJECT_DIR/$PROJECT_NAME/debugIPA.sh\"\n";
		};
/* End PBXShellScriptBuildPhase section */

/* Begin PBXSourcesBuildPhase section */
		8509F1BE17F55CBF0008FB45 /* Sources */ = {
			isa = PBXSourcesBuildPhase;
			buildActionMask = 2147483647;
			files = (
				8509F22D17F55D660008FB45 /* SBJSON.m in Sources */,
				8509F22B17F55D660008FB45 /* NSString+SBJSON.m in Sources */,
				8509F22617F55D660008FB45 /* AlixPayResult.m in Sources */,
				8509F22F17F55D660008FB45 /* SBJsonBase.m in Sources */,
				8509F23317F55D660008FB45 /* SBJsonWriter.m in Sources */,
				8509F1F217F55CBF0008FB45 /* AlipayANE.m in Sources */,
				8509F23117F55D660008FB45 /* SBJsonParser.m in Sources */,
				8515A7EC17F6C2A50046ED53 /* AlipayDel.m in Sources */,
				8509F22917F55D660008FB45 /* NSObject+SBJSON.m in Sources */,
				8509F22417F55D660008FB45 /* AlixPayOrder.m in Sources */,
			);
			runOnlyForDeploymentPostprocessing = 0;
		};
/* End PBXSourcesBuildPhase section */

/* Begin PBXTargetDependency section */
		8509F1EA17F55CBF0008FB45 /* PBXTargetDependency */ = {
			isa = PBXTargetDependency;
			target = 8509F1C117F55CBF0008FB45 /* AlipayANE */;
			targetProxy = 8509F1E917F55CBF0008FB45 /* PBXContainerItemProxy */;
		};
		8509F1EC17F55CBF0008FB45 /* PBXTargetDependency */ = {
			isa = PBXTargetDependency;
			target = 8509F1E417F55CBF0008FB45 /* AlipayANE.ane */;
			targetProxy = 8509F1EB17F55CBF0008FB45 /* PBXContainerItemProxy */;
		};
/* End PBXTargetDependency section */

/* Begin XCBuildConfiguration section */
		8509F1F717F55CBF0008FB45 /* Debug */ = {
			isa = XCBuildConfiguration;
			buildSettings = {
				ALWAYS_SEARCH_USER_PATHS = NO;
				ARCHS = "$(ARCHS_STANDARD_32_BIT)";
				CLANG_ENABLE_OBJC_ARC = NO;
				"CODE_SIGN_IDENTITY[sdk=iphoneos*]" = "iPhone Developer";
				COPY_PHASE_STRIP = NO;
				GCC_C_LANGUAGE_STANDARD = gnu99;
				GCC_DYNAMIC_NO_PIC = NO;
				GCC_ENABLE_CPP_EXCEPTIONS = NO;
				GCC_ENABLE_OBJC_EXCEPTIONS = NO;
				GCC_OPTIMIZATION_LEVEL = 0;
				GCC_PREPROCESSOR_DEFINITIONS = (
					"DEBUG=1",
					"$(inherited)",
				);
				GCC_SYMBOLS_PRIVATE_EXTERN = NO;
				GCC_VERSION = com.apple.compilers.llvmgcc42;
				GCC_WARN_ABOUT_MISSING_PROTOTYPES = YES;
				GCC_WARN_ABOUT_RETURN_TYPE = YES;
				GCC_WARN_UNUSED_VARIABLE = YES;
				IPHONEOS_DEPLOYMENT_TARGET = 7.0;
				SDKROOT = iphoneos;
				USER_HEADER_SEARCH_PATHS = /Users/kkfun/rect/AIRSDK/include/;
			};
			name = Debug;
		};
		8509F1F817F55CBF0008FB45 /* Release */ = {
			isa = XCBuildConfiguration;
			buildSettings = {
				ALWAYS_SEARCH_USER_PATHS = NO;
				ARCHS = "$(ARCHS_STANDARD_32_BIT)";
				CLANG_ENABLE_OBJC_ARC = NO;
				"CODE_SIGN_IDENTITY[sdk=iphoneos*]" = "iPhone Developer";
				COPY_PHASE_STRIP = YES;
				GCC_C_LANGUAGE_STANDARD = gnu99;
				GCC_ENABLE_CPP_EXCEPTIONS = NO;
				GCC_ENABLE_OBJC_EXCEPTIONS = NO;
				GCC_VERSION = com.apple.compilers.llvmgcc42;
				GCC_WARN_ABOUT_MISSING_PROTOTYPES = YES;
				GCC_WARN_ABOUT_RETURN_TYPE = YES;
				GCC_WARN_UNUSED_VARIABLE = YES;
				IPHONEOS_DEPLOYMENT_TARGET = 7.0;
				SDKROOT = iphoneos;
				USER_HEADER_SEARCH_PATHS = /Users/kkfun/rect/AIRSDK/include/;
				VALIDATE_PRODUCT = YES;
			};
			name = Release;
		};
		8509F1FA17F55CBF0008FB45 /* Debug */ = {
			isa = XCBuildConfiguration;
			buildSettings = {
				DSTROOT = /tmp/AlipayANE.dst;
				GCC_PRECOMPILE_PREFIX_HEADER = YES;
				GCC_PREFIX_HEADER = "AlipayANE/AlipayANE-Prefix.pch";
				GCC_VERSION = "";
				LIBRARY_SEARCH_PATHS = (
					"$(inherited)",
					/Users/kkfun/rect/ANE/aliapy/AlipayANE/alipay,
				);
				OTHER_LDFLAGS = "-ObjC";
				PRODUCT_NAME = "$(TARGET_NAME)";
				SKIP_INSTALL = YES;
				VALID_ARCHS = armv7;
			};
			name = Debug;
		};
		8509F1FB17F55CBF0008FB45 /* Release */ = {
			isa = XCBuildConfiguration;
			buildSettings = {
				DSTROOT = /tmp/AlipayANE.dst;
				GCC_PRECOMPILE_PREFIX_HEADER = YES;
				GCC_PREFIX_HEADER = "AlipayANE/AlipayANE-Prefix.pch";
				GCC_VERSION = "";
				LIBRARY_SEARCH_PATHS = (
					"$(inherited)",
					/Users/kkfun/rect/ANE/aliapy/AlipayANE/alipay,
				);
				OTHER_LDFLAGS = "-ObjC";
				PRODUCT_NAME = "$(TARGET_NAME)";
				SKIP_INSTALL = YES;
				VALID_ARCHS = armv7;
			};
			name = Release;
		};
		8509F1FD17F55CBF0008FB45 /* Debug */ = {
			isa = XCBuildConfiguration;
			buildSettings = {
				AIR_SDK_PATH = /Users/kkfun/rect/AIRSDK;
				EXECUTABLE_EXTENSION = ane;
				EXECUTABLE_PREFIX = "";
				GCC_VERSION = "";
				NATIVEEXTENSION_SWC = /Users/kkfun/rect/ANE/aliapy/ext_AlipayANE/bin/ext_AlipayANE.swc;
				PRODUCT_NAME = AlipayANE;
				VALID_ARCHS = armv7;
			};
			name = Debug;
		};
		8509F1FE17F55CBF0008FB45 /* Release */ = {
			isa = XCBuildConfiguration;
			buildSettings = {
				AIR_SDK_PATH = /Users/kkfun/rect/AIRSDK;
				EXECUTABLE_EXTENSION = ane;
				EXECUTABLE_PREFIX = "";
				GCC_VERSION = "";
				NATIVEEXTENSION_SWC = /Users/kkfun/rect/ANE/aliapy/ext_AlipayANE/bin/ext_AlipayANE.swc;
				PRODUCT_NAME = AlipayANE;
				VALID_ARCHS = armv7;
			};
			name = Release;
		};
		8509F20017F55CBF0008FB45 /* Debug */ = {
			isa = XCBuildConfiguration;
			buildSettings = {
				AIR_SDK_PATH = /Users/kkfun/rect/AIRSDK;
				GCC_VERSION = "";
				NATIVEEXTENSION_SWC = /Users/kkfun/rect/ANE/aliapy/ext_AlipayANE/bin/ext_AlipayANE.swc;
				PRODUCT_NAME = DebugAlipayANEAIRApp;
				VALID_ARCHS = armv7;
			};
			name = Debug;
		};
		8509F20117F55CBF0008FB45 /* Release */ = {
			isa = XCBuildConfiguration;
			buildSettings = {
				AIR_SDK_PATH = /Users/kkfun/rect/AIRSDK;
				GCC_VERSION = "";
				NATIVEEXTENSION_SWC = /Users/kkfun/rect/ANE/aliapy/ext_AlipayANE/bin/ext_AlipayANE.swc;
				PRODUCT_NAME = DebugAlipayANEAIRApp;
				VALID_ARCHS = armv7;
			};
			name = Release;
		};
/* End XCBuildConfiguration section */

/* Begin XCConfigurationList section */
		8509F1BD17F55CBF0008FB45 /* Build configuration list for PBXProject "AlipayANE" */ = {
			isa = XCConfigurationList;
			buildConfigurations = (
				8509F1F717F55CBF0008FB45 /* Debug */,
				8509F1F817F55CBF0008FB45 /* Release */,
			);
			defaultConfigurationIsVisible = 0;
			defaultConfigurationName = Release;
		};
		8509F1F917F55CBF0008FB45 /* Build configuration list for PBXNativeTarget "AlipayANE" */ = {
			isa = XCConfigurationList;
			buildConfigurations = (
				8509F1FA17F55CBF0008FB45 /* Debug */,
				8509F1FB17F55CBF0008FB45 /* Release */,
			);
			defaultConfigurationIsVisible = 0;
			defaultConfigurationName = Release;
		};
		8509F1FC17F55CBF0008FB45 /* Build configuration list for PBXNativeTarget "AlipayANE.ane" */ = {
			isa = XCConfigurationList;
			buildConfigurations = (
				8509F1FD17F55CBF0008FB45 /* Debug */,
				8509F1FE17F55CBF0008FB45 /* Release */,
			);
			defaultConfigurationIsVisible = 0;
			defaultConfigurationName = Release;
		};
		8509F1FF17F55CBF0008FB45 /* Build configuration list for PBXNativeTarget "DebugAlipayANEAIRApp" */ = {
			isa = XCConfigurationList;
			buildConfigurations = (
				8509F20017F55CBF0008FB45 /* Debug */,
				8509F20117F55CBF0008FB45 /* Release */,
			);
			defaultConfigurationIsVisible = 0;
			defaultConfigurationName = Release;
		};
/* End XCConfigurationList section */
	};
	rootObject = 8509F1BA17F55CBF0008FB45 /* Project object */;
}
